
Microsoft Visual Studio Solution File, Format Version 12.00
# Visual Studio Version 17
VisualStudioVersion = 17.4.33213.308
MinimumVisualStudioVersion = 10.0.40219.1
Project("{FAE04EC0-301F-11D3-BF4B-00C04F79EFBC}") = "ConsoleApp1", "ConsoleApp1\ConsoleApp1.csproj", "{F61BC2E2-934E-467B-AC45-5F159ED51995}"
EndProject
Global
	GlobalSection(SolutionConfigurationPlatforms) = preSolution
		Debug|Any CPU = Debug|Any CPU
		Release|Any CPU = Release|Any CPU
	EndGlobalSection
	GlobalSection(ProjectConfigurationPlatforms) = postSolution
		{F61BC2E2-934E-467B-AC45-5F159ED51995}.Debug|Any CPU.ActiveCfg = Debug|Any CPU
		{F61BC2E2-934E-467B-AC45-5F159ED51995}.Debug|Any CPU.Build.0 = Debug|Any CPU
		{F61BC2E2-934E-467B-AC45-5F159ED51995}.Release|Any CPU.ActiveCfg = Release|Any CPU
		{F61BC2E2-934E-467B-AC45-5F159ED51995}.Release|Any CPU.Build.0 = Release|Any CPU
	EndGlobalSection
	GlobalSection(SolutionProperties) = preSolution
		HideSolutionNode = FALSE
	EndGlobalSection
	GlobalSection(ExtensibilityGlobals) = postSolution
		SolutionGuid = {990C400C-A4EC-4FB3-9BA7-C524BBC53054}
	EndGlobalSection
EndGlobal
